github.com/GeertJohan/go.rice v0.0.0-20170123135425-4bbccbfa39e7 h1:JJ0wm4S81aP34QpY9UsDRiMn0iM8+Pd/Cah7Zk73V/A=
github.com/GeertJohan/go.rice v0.0.0-20170123135425-4bbccbfa39e7/go.mod h1:DgrzXonpdQbfN3uYaGz1EG4Sbhyum/MMIn6Cphlh2bw=
github.com/Sirupsen/logrus v0.11.6-0.20170317143214-10f801ebc38b h1:Te9lwB9tkxZ4kq7A3PjvtJsWvq+68hQfzE32q31xt+I=
github.com/Sirupsen/logrus v0.11.6-0.20170317143214-10f801ebc38b/go.mod h1:rmk17hk6i8ZSAJkSDa7nOxamrG+SP4P0mm+DAvExv4U=
github.com/badoux/goscraper v0.0.0-20170322173343-0213ced70878 h1:ICGowALx67ojFa/PaOkAR7JTFgt4cuniHgjc6z3ifqU=
github.com/badoux/goscraper v0.0.0-20170322173343-0213ced70878/go.mod h1:5iU5AiceCVP7wmrAIn/9YhJzvmErX/GihV/T2o5QUpM=
github.com/boltdb/bolt v1.3.1-0.20170131192018-e9cf4fae01b5 h1:TRgs7RwJh0BrpASYsDd8l0bfmvokcmNA31TUXZsC7us=
github.com/boltdb/bolt v1.3.1-0.20170131192018-e9cf4fae01b5/go.mod h1:clJnj/oiGkjum5o1McbSZDSLxVThjynRyGBgiAx27Ps=
github.com/daaku/go.zipexe v0.0.0-20150329023125-a5fe2436ffcb h1:tUf55Po0vzOendQ7NWytcdK0VuzQmfAgvGBUOQvN0WA=
github.com/daaku/go.zipexe v0.0.0-20150329023125-a5fe2436ffcb/go.mod h1:U0vRfAucUOohvdCxt5MWLF+TePIL0xbCkbKIiV8TQCE=
github.com/dustin/go-humanize v0.0.0-20170228161531-259d2a102b87 h1:uPzP/9GIqYKvZAmz4IayKMMZiWRWNtGynUREBtTXPXA=
github.com/dustin/go-humanize v0.0.0-20170228161531-259d2a102b87/go.mod h1:HtrtbFcZ19U5GC7JDqmcUSB87Iq5E25KnS6fMYU6eOk=
github.com/emicklei/go-selfdiagnose v0.0.0-20170210093440-73fa93786b7b h1:z1acpfX8q+zTz+TWLsFI5gZ9B1lxBhDl3gW/DeQbsJY=
github.com/emicklei/go-selfdiagnose v0.0.0-20170210093440-73fa93786b7b/go.mod h1:4k3fJUCgoHsyF+YiX2BvvFzr5mR3FDTrBYzy5cQCfUY=
github.com/fsnotify/fsnotify v1.4.3-0.20170302034209-7d7316ed6e1e h1:C0a0JcBk7RCkGKScEAWRKbFk0ovh9+Os32kXKrHcaNM=
github.com/fsnotify/fsnotify v1.4.3-0.20170302034209-7d7316ed6e1e/go.mod h1:jwhsz4b93w/PPRr/qN1Yymfu8t87LnFCMoQvtojpjFo=
github.com/gorilla/context v0.0.0-20160525203319-aed02d124ae4 h1:3nOfQt8sRPYbXORD5tJ8YyQ3HlL2Jt3LJ2U17CbNh6I=
github.com/gorilla/context v0.0.0-20160525203319-aed02d124ae4/go.mod h1:kBGZzfjB9CEq2AlWe17Uuf7NDRt0dE0s8S51q0aT7Yg=
github.com/gorilla/feeds v0.0.0-20160207162205-441264de03a8 h1:7BQm17EDKaYtcCbyKBhiDCJFTSZWCRB/fgiXp7GisGQ=
github.com/gorilla/feeds v0.0.0-20160207162205-441264de03a8/go.mod h1:Nk0jZrvPFZX1OBe5NPiddPw7CfwF6Q9eqzaBbaightA=
github.com/gorilla/mux v1.3.1-0.20170228224354-599cba5e7b61 h1:fgQcA2gW8X1dLTYeaO8N6d1UMxsHczPYRjITrFNjxhk=
github.com/gorilla/mux v1.3.1-0.20170228224354-599cba5e7b61/go.mod h1:1lud6UwP+6orDFRuTfBEV8e9/aOM/c4fVVCaMa2zaAs=
github.com/hashicorp/hcl v0.0.0-20170217164738-630949a3c5fa h1:10wM7X2JKPrmcvtI9Qy2xsoQI1CBA8dd6LqjyGKlD0c=
github.com/hashicorp/hcl v0.0.0-20170217164738-630949a3c5fa/go.mod h1:oZtUIOe8dh44I2q6ScRibXws4Ajl+d+nod3AaR9vL5w=
github.com/kardianos/osext v0.0.0-20170309185600-9d302b58e975 h1:xvknIKxUQpEypzxKGX59kCIEHYKRcqBa/6jQqXiWKF0=
github.com/kardianos/osext v0.0.0-20170309185600-9d302b58e975/go.mod h1:1NbS8ALrpOvjt0rHPNLyCIeMtbizbir8U//inJ+zuB8=
github.com/magiconair/properties v1.7.2-0.20170318005146-0d05d44b762d h1:xhluHP4Cb2kVq61qhf50N9d0r6YPF4NiP5Gf/2b08Go=
github.com/magiconair/properties v1.7.2-0.20170318005146-0d05d44b762d/go.mod h1:PppfXfuXeibc/6YijjN8zIbojt8czPbwD3XqdrwzmxQ=
github.com/mitchellh/mapstructure v0.0.0-20170307201123-53818660ed49 h1:kaWdlw4YogwkDl8CG+/VxhXkrL9uz3n1D9QBC2pEGLE=
github.com/mitchellh/mapstructure v0.0.0-20170307201123-53818660ed49/go.mod h1:FVVH3fgwuzCH5S8UJGiWEs2h04kUh9fWfEaFds41c1Y=
github.com/pelletier/go-buffruneio v0.2.0 h1:U4t4R6YkofJ5xHm3dJzuRpPZ0mr5MMCoAWooScCR7aA=
github.com/pelletier/go-buffruneio v0.2.0/go.mod h1:JkE26KsDizTr40EUHkXVtNPvgGtbSNq5BcowyYOWdKo=
github.com/pelletier/go-toml v0.5.1-0.20170314201640-fee7787d3f81 h1:Gi2krM7SP3O52EeuEK5gGXRTHSWC1IPkwkTT8g+o6H8=
github.com/pelletier/go-toml v0.5.1-0.20170314201640-fee7787d3f81/go.mod h1:5z9KED0ma1S8pY6P1sdut58dfprrGBbd/94hg7ilaic=
github.com/spf13/afero v0.0.0-20170217164146-9be650865eab h1:IVAbBHQR8rXL2Fc8Zba/lMF7KOnTi70lqdx91UTuAwQ=
github.com/spf13/afero v0.0.0-20170217164146-9be650865eab/go.mod h1:j4pytiNVoe2o6bmDsKpLACNPDBIoEAkihy7loJ1B0CQ=
github.com/spf13/cast v1.0.0 h1:GNbxZJxRIvehsqPCmvpb/fnBMMyMoF7lojcquQccV4k=
github.com/spf13/cast v1.0.0/go.mod h1:r2rcYCSwa1IExKTDiTfzaxqT2FNHs8hODu4LnUfgKEg=
github.com/spf13/jwalterweatherman v0.0.0-20170109133355-fa7ca7e836cf h1:F3R4gmObzwZfjwH3hCs9WIyyTPjL5yC/cfdsW5hORhI=
github.com/spf13/jwalterweatherman v0.0.0-20170109133355-fa7ca7e836cf/go.mod h1:cQK4TGJAtQXfYWX+Ddv3mKDzgVb68N+wFjFa4jdeBTo=
github.com/spf13/pflag v0.0.0-20170130214245-9ff6c6923cff h1:VARhShG49tiji6mdRNp7JTNDtJ0FhuprF93GBQ37xGU=
github.com/spf13/pflag v0.0.0-20170130214245-9ff6c6923cff/go.mod h1:DYY7MBk1bdzusC3SYhjObp+wFpr4gzcvqqNjLnInEg4=
github.com/spf13/viper v0.0.0-20170315134309-84f94806c67f h1:HmFgO2lh+N6eclJuwOP1ddgs9ZkoOHRvvDRLv5fexbc=
github.com/spf13/viper v0.0.0-20170315134309-84f94806c67f/go.mod h1:A8kyI5cUJhb8N+3pkfONlcEcZbueH6nhAm0Fq7SrnBM=
golang.org/x/net v0.0.0-20170308210134-a6577fac2d73 h1:5kGFsglTK4KqaHYb/WCmYmj+Gm1+dzbilbtzruHj6dw=
golang.org/x/net v0.0.0-20170308210134-a6577fac2d73/go.mod h1:mL1N/T3taQHkDXs73rZJwtUhF3w3ftmwwsq0BUmARs4=
golang.org/x/sys v0.0.0-20170308153327-99f16d856c98 h1:U3NsAsR1IG0Aet3Z+IToBDWbPoJ7hjwgDpqqch4APkU=
golang.org/x/sys v0.0.0-20170308153327-99f16d856c98/go.mod h1:STP8DvDyc/dI5b8T5hshtkjS+E42TnysNCUPdjciGhY=
golang.org/x/text v0.0.0-20170322140210-b00b5aff2fd7 h1:SP3RZ7mhgTDnPwwFgEe3Z4GqLex/N7QLhg3C/5RePmY=
golang.org/x/text v0.0.0-20170322140210-b00b5aff2fd7/go.mod h1:NqM8EUOU14njkJ3fqMW+pc6Ldnwhi/IjpwHt7yyuwOQ=
gopkg.in/yaml.v2 v2.0.0-20170208141851-a3f3340b5840 h1:BftvRMCaj0KX6UeD7gnNJv0W8b4HAYTEWes978CoWlY=
gopkg.in/yaml.v2 v2.0.0-20170208141851-a3f3340b5840/go.mod h1:JAlM8MvJe8wmxCU4Bli9HhUf9+ttbYbLASfIpnQbh74=
